
Microsoft Visual Studio Solution File, Format Version 12.00
# Visual Studio Version 17
VisualStudioVersion = 17.0.32014.148
MinimumVisualStudioVersion = 10.0.40219.1
Project("{9A19103F-16F7-4668-BE54-9A1E7A4F7556}") = "Sandbox.Generated.Operator", "Sandbox.Generated.Operator\Sandbox.Generated.Operator.csproj", "{AF4B9171-E1F6-4493-BD46-F7860B0DAF71}"
EndProject
Global
	GlobalSection(SolutionConfigurationPlatforms) = preSolution
		Debug|Any CPU = Debug|Any CPU
		Release|Any CPU = Release|Any CPU
	EndGlobalSection
	GlobalSection(ProjectConfigurationPlatforms) = postSolution
		{AF4B9171-E1F6-4493-BD46-F7860B0DAF71}.Debug|Any CPU.ActiveCfg = Debug|Any CPU
		{AF4B9171-E1F6-4493-BD46-F7860B0DAF71}.Debug|Any CPU.Build.0 = Debug|Any CPU
		{AF4B9171-E1F6-4493-BD46-F7860B0DAF71}.Release|Any CPU.ActiveCfg = Release|Any CPU
		{AF4B9171-E1F6-4493-BD46-F7860B0DAF71}.Release|Any CPU.Build.0 = Release|Any CPU
	EndGlobalSection
	GlobalSection(SolutionProperties) = preSolution
		HideSolutionNode = FALSE
	EndGlobalSection
	GlobalSection(ExtensibilityGlobals) = postSolution
		SolutionGuid = {9B6EE272-3D2B-451D-94B3-06F24200F0A4}
	EndGlobalSection
EndGlobal
